<?xml version="1.0" encoding="utf-8"?>
<Project xmlns="http://schemas.microsoft.com/developer/msbuild/2003">
  <ItemGroup>
    <Filter Include="Generated Files">
      <UniqueIdentifier>{71ED8ED8-ACB9-4CE9-BBE1-E00B30144E11}</UniqueIdentifier>
      <Extensions>cpp;c;cxx;moc;h;def;odl;idl;res;</Extensions>
    </Filter>
    <Filter Include="Generated Files">
      <UniqueIdentifier>{71ED8ED8-ACB9-4CE9-BBE1-E00B30144E11}</UniqueIdentifier>
      <Extensions>cpp;c;cxx;moc;h;def;odl;idl;res;</Extensions>
    </Filter>
    <Filter Include="Header Files">
      <UniqueIdentifier>{93995380-89BD-4b04-88EB-625FBE52EBFB}</UniqueIdentifier>
      <Extensions>h;hpp;hxx;hm;inl;inc;xsd</Extensions>
    </Filter>
    <Filter Include="Header Files">
      <UniqueIdentifier>{93995380-89BD-4b04-88EB-625FBE52EBFB}</UniqueIdentifier>
      <Extensions>h;hpp;hxx;hm;inl;inc;xsd</Extensions>
    </Filter>
    <Filter Include="Resource Files">
      <UniqueIdentifier>{D9D6E242-F8AF-46E4-B9FD-80ECBC20BA3E}</UniqueIdentifier>
      <Extensions>qrc;*</Extensions>
      <ParseFiles>false</ParseFiles>
    </Filter>
    <Filter Include="Resource Files">
      <UniqueIdentifier>{D9D6E242-F8AF-46E4-B9FD-80ECBC20BA3E}</UniqueIdentifier>
      <Extensions>qrc;*</Extensions>
      <ParseFiles>false</ParseFiles>
    </Filter>
    <Filter Include="Source Files">
      <UniqueIdentifier>{4FC737F1-C7A5-4376-A066-2A32D752A2FF}</UniqueIdentifier>
      <Extensions>cpp;c;cxx;def;odl;idl;hpj;bat;asm;asmx</Extensions>
    </Filter>
    <Filter Include="Source Files">
      <UniqueIdentifier>{4FC737F1-C7A5-4376-A066-2A32D752A2FF}</UniqueIdentifier>
      <Extensions>cpp;c;cxx;def;odl;idl;hpj;bat;asm;asmx</Extensions>
    </Filter>
  </ItemGroup>
  <ItemGroup>
    <ClCompile Include="imagemanagement.cpp">
      <Filter>Source Files</Filter>
    </ClCompile>
    <ClCompile Include="imageprovider.cpp">
      <Filter>Source Files</Filter>
    </ClCompile>
    <ClCompile Include="main.cpp">
      <Filter>Source Files</Filter>
    </ClCompile>
    <ClCompile Include="treeviewmodel.cpp">
      <Filter>Source Files</Filter>
    </ClCompile>
  </ItemGroup>
  <ItemGroup>
    <QtMoc Include="imagemanagement.h">
      <Filter>Header Files</Filter>
    </QtMoc>
    <QtMoc Include="imageprovider.h">
      <Filter>Header Files</Filter>
    </QtMoc>
    <QtMoc Include="treeviewmodel.h">
      <Filter>Header Files</Filter>
    </QtMoc>
  </ItemGroup>
  <ItemGroup>
    
    
    
    
    <CustomBuild Include="debug\moc_predefs.h.cbt">
      <Filter>Generated Files</Filter>
    </CustomBuild>
    <CustomBuild Include="release\moc_predefs.h.cbt">
      <Filter>Generated Files</Filter>
    </CustomBuild>
    
    
    
    
  </ItemGroup>
  <ItemGroup>
    <None Include="AlignmentModels.qml">
      <Filter>Resource Files</Filter>
    </None>
    <None Include="ChangeFontColorWindow.qml">
      <Filter>Resource Files</Filter>
    </None>
    <None Include="ChangeValueWindow.qml">
      <Filter>Resource Files</Filter>
    </None>
    <None Include="ChoosenTransformationList.qml">
      <Filter>Resource Files</Filter>
    </None>
    <None Include="ChoosenTransformationWindow.qml">
      <Filter>Resource Files</Filter>
    </None>
    <None Include="FlipImageWindow.qml">
      <Filter>Resource Files</Filter>
    </None>
    <None Include="GrayScaleWindow.qml">
      <Filter>Resource Files</Filter>
    </None>
    <None Include="MoveImageWindow.qml">
      <Filter>Resource Files</Filter>
    </None>
    <None Include="MyButton.qml">
      <Filter>Resource Files</Filter>
    </None>
    <None Include="MyComboBox.qml">
      <Filter>Resource Files</Filter>
    </None>
    <None Include="PreviewImage.qml">
      <Filter>Resource Files</Filter>
    </None>
    <None Include="ResetRGBValueWindow.qml">
      <Filter>Resource Files</Filter>
    </None>
    <None Include="RotationWindow.qml">
      <Filter>Resource Files</Filter>
    </None>
    <None Include="SectionListView.qml">
      <Filter>Resource Files</Filter>
    </None>
    <None Include="SetRGBValueWindow.qml">
      <Filter>Resource Files</Filter>
    </None>
    <None Include="TextSettingsListView.qml">
      <Filter>Resource Files</Filter>
    </None>
    <None Include="TextSettingsWindow.qml">
      <Filter>Resource Files</Filter>
    </None>
    <None Include="TransformationsList.qml">
      <Filter>Resource Files</Filter>
    </None>
    <None Include="TransformationsModels.qml">
      <Filter>Resource Files</Filter>
    </None>
    <None Include="main.qml">
      <Filter>Resource Files</Filter>
    </None>
    <QtRcc Include="qml.qrc">
      <Filter>Resource Files</Filter>
    </QtRcc>
    <None Include="images\testimg.jpeg">
      <Filter>Resource Files</Filter>
    </None>
  </ItemGroup>
</Project>